{
  "name": "dinner",
  "version": "1.0.0",
  "lockfileVersion": 1,
  "requires": true,
  "dependencies": {
    "accepts": {
      "version": "http://r.cnpmjs.org/accepts/download/accepts-1.3.3.tgz",
      "integrity": "sha1-w8p0NJOGSMPg2cHjKN1otiLChMo=",
      "dev": true,
      "requires": {
        "mime-types": "http://r.cnpmjs.org/mime-types/download/mime-types-2.1.14.tgz",
        "negotiator": "http://r.cnpmjs.org/negotiator/download/negotiator-0.6.1.tgz"
      }
    },
    "array-flatten": {
      "version": "http://r.cnpmjs.org/array-flatten/download/array-flatten-1.1.1.tgz",
      "integrity": "sha1-ml9pkFGx5wczKPKgCJaLZOopVdI=",
      "dev": true
    },
    "asynckit": {
      "version": "http://r.cnpmjs.org/asynckit/download/asynckit-0.4.0.tgz",
      "integrity": "sha1-x57Zf380y48robyXkLzDZkdLS3k=",
      "dev": true
    },
    "bignumber.js": {
      "version": "http://r.cnpmjs.org/bignumber.js/download/bignumber.js-3.1.2.tgz",
      "integrity": "sha1-8725mtUmihX8HwvtL7AY4mk/4jY=",
      "dev": true
    },
    "bluebird": {
      "version": "http://r.cnpmjs.org/bluebird/download/bluebird-3.4.7.tgz",
      "integrity": "sha1-9y12C+Cbf3bQjtj66Ysomo0F+rM=",
      "dev": true
    },
    "body-parser": {
      "version": "1.18.2",
      "resolved": "https://registry.npmjs.org/body-parser/-/body-parser-1.18.2.tgz",
      "integrity": "sha1-h2eKGdhLR9hZuDGZvVm84iKxBFQ=",
      "requires": {
        "bytes": "3.0.0",
        "content-type": "1.0.4",
        "debug": "2.6.9",
        "depd": "1.1.1",
        "http-errors": "1.6.2",
        "iconv-lite": "0.4.19",
        "on-finished": "http://r.cnpmjs.org/on-finished/download/on-finished-2.3.0.tgz",
        "qs": "6.5.1",
        "raw-body": "2.3.2",
        "type-is": "1.6.15"
      },
      "dependencies": {
        "content-type": {
          "version": "1.0.4",
          "resolved": "https://registry.npmjs.org/content-type/-/content-type-1.0.4.tgz",
          "integrity": "sha512-hIP3EEPs8tB9AT1L+NUqtwOAps4mk2Zob89MWXMHjHWg9milF/j4osnnQLXBCBFBk/tvIG/tUc9mOUJiPBhPXA=="
        },
        "debug": {
          "version": "2.6.9",
          "resolved": "https://registry.npmjs.org/debug/-/debug-2.6.9.tgz",
          "integrity": "sha512-bC7ElrdJaJnPbAP+1EotYvqZsb3ecl5wi6Bfi6BJTUcNowp6cvspg0jXznRTKDjm/E7AdgFBVeAPVMNcKGsHMA==",
          "requires": {
            "ms": "2.0.0"
          }
        },
        "depd": {
          "version": "1.1.1",
          "resolved": "https://registry.npmjs.org/depd/-/depd-1.1.1.tgz",
          "integrity": "sha1-V4O04cRZ8G+lyif5kfPQbnoxA1k="
        },
        "http-errors": {
          "version": "1.6.2",
          "resolved": "https://registry.npmjs.org/http-errors/-/http-errors-1.6.2.tgz",
          "integrity": "sha1-CgAsyFcHGSp+eUbO7cERVfYOxzY=",
          "requires": {
            "depd": "1.1.1",
            "inherits": "http://r.cnpmjs.org/inherits/download/inherits-2.0.3.tgz",
            "setprototypeof": "1.0.3",
            "statuses": "http://r.cnpmjs.org/statuses/download/statuses-1.3.1.tgz"
          }
        },
        "mime-db": {
          "version": "1.30.0",
          "resolved": "https://registry.npmjs.org/mime-db/-/mime-db-1.30.0.tgz",
          "integrity": "sha1-dMZD2i3Z1qRTmZY0ZbJtXKfXHwE="
        },
        "mime-types": {
          "version": "2.1.17",
          "resolved": "https://registry.npmjs.org/mime-types/-/mime-types-2.1.17.tgz",
          "integrity": "sha1-Cdejk/A+mVp5+K+Fe3Cp4KsWVXo=",
          "requires": {
            "mime-db": "1.30.0"
          }
        },
        "ms": {
          "version": "2.0.0",
          "resolved": "https://registry.npmjs.org/ms/-/ms-2.0.0.tgz",
          "integrity": "sha1-VgiurfwAvmwpAd9fmGF4jeDVl8g="
        },
        "qs": {
          "version": "6.5.1",
          "resolved": "https://registry.npmjs.org/qs/-/qs-6.5.1.tgz",
          "integrity": "sha512-eRzhrN1WSINYCDCbrz796z37LOe3m5tmW7RQf6oBntukAG1nmovJvhnwHHRMAfeoItc1m2Hk02WER2aQ/iqs+A=="
        },
        "setprototypeof": {
          "version": "1.0.3",
          "resolved": "https://registry.npmjs.org/setprototypeof/-/setprototypeof-1.0.3.tgz",
          "integrity": "sha1-ZlZ+NwQ+608E2RvWWMDL77VbjgQ="
        },
        "type-is": {
          "version": "1.6.15",
          "resolved": "https://registry.npmjs.org/type-is/-/type-is-1.6.15.tgz",
          "integrity": "sha1-yrEPtJCeRByChC6v4a1kbIGARBA=",
          "requires": {
            "media-typer": "http://r.cnpmjs.org/media-typer/download/media-typer-0.3.0.tgz",
            "mime-types": "2.1.17"
          }
        }
      }
    },
    "bson": {
      "version": "http://r.cnpmjs.org/bson/download/bson-1.0.4.tgz",
      "integrity": "sha1-k8ENOeqltYQVy8QFLz5T5WKwtyw=",
      "dev": true
    },
    "buffer-shims": {
      "version": "http://r.cnpmjs.org/buffer-shims/download/buffer-shims-1.0.0.tgz",
      "integrity": "sha1-mXjOMXOIxkmth5MCjDR37wRKi1E=",
      "dev": true
    },
    "bytes": {
      "version": "3.0.0",
      "resolved": "https://registry.npmjs.org/bytes/-/bytes-3.0.0.tgz",
      "integrity": "sha1-0ygVQE1olpn4Wk6k+odV3ROpYEg="
    },
    "charenc": {
      "version": "http://r.cnpmjs.org/charenc/download/charenc-0.0.2.tgz",
      "integrity": "sha1-wKHS86cJLgN3S/qD8UwPxXkKhmc=",
      "dev": true
    },
    "collect.js": {
      "version": "3.0.27",
      "resolved": "http://r.cnpmjs.org/collect.js/download/collect.js-3.0.27.tgz",
      "integrity": "sha1-xt/lfBzhArbXB/CDkZaJ+iqWjaM="
    },
    "combined-stream": {
      "version": "http://r.cnpmjs.org/combined-stream/download/combined-stream-1.0.5.tgz",
      "integrity": "sha1-k4NwpXtKUd6ix3wV1cX9+JUWQAk=",
      "dev": true,
      "requires": {
        "delayed-stream": "http://r.cnpmjs.org/delayed-stream/download/delayed-stream-1.0.0.tgz"
      }
    },
    "component-emitter": {
      "version": "http://r.cnpmjs.org/component-emitter/download/component-emitter-1.2.1.tgz",
      "integrity": "sha1-E3kY1teCg/ffemt8WmPhQOaUJeY=",
      "dev": true
    },
    "content-disposition": {
      "version": "http://r.cnpmjs.org/content-disposition/download/content-disposition-0.5.2.tgz",
      "integrity": "sha1-DPaLud318r55YcOoUXjLhdunjLQ=",
      "dev": true
    },
    "content-type": {
      "version": "http://r.cnpmjs.org/content-type/download/content-type-1.0.2.tgz",
      "integrity": "sha1-t9ETrueo3Se9IRM8TcJSnfFyHu0=",
      "dev": true
    },
    "cookie": {
      "version": "http://r.cnpmjs.org/cookie/download/cookie-0.3.1.tgz",
      "integrity": "sha1-5+Ch+e9DtMi6klxcWpboBtFoc7s=",
      "dev": true
    },
    "cookie-signature": {
      "version": "http://r.cnpmjs.org/cookie-signature/download/cookie-signature-1.0.6.tgz",
      "integrity": "sha1-4wOogrNCzD7oylE6eZmXNNqzriw=",
      "dev": true
    },
    "cookiejar": {
      "version": "http://r.cnpmjs.org/cookiejar/download/cookiejar-2.1.0.tgz",
      "integrity": "sha1-hlSWiVObbQ4mm2Y3owS+UIGU2Jg=",
      "dev": true
    },
    "core-util-is": {
      "version": "http://r.cnpmjs.org/core-util-is/download/core-util-is-1.0.2.tgz",
      "integrity": "sha1-tf1UIgqivFq1eqtxQMlAdUUDwac=",
      "dev": true
    },
    "cron": {
      "version": "http://r.cnpmjs.org/cron/download/cron-1.2.1.tgz",
      "integrity": "sha1-OobAm0G48mGshjp8yF6kc1hX6rI=",
      "dev": true,
      "requires": {
        "moment-timezone": "http://r.cnpmjs.org/moment-timezone/download/moment-timezone-0.5.11.tgz"
      }
    },
    "cross-env": {
      "version": "http://r.cnpmjs.org/cross-env/download/cross-env-3.1.4.tgz",
      "integrity": "sha1-Vui8qW8XkIpusbwgEsoSb5KEITA=",
      "dev": true,
      "requires": {
        "cross-spawn": "http://r.cnpmjs.org/cross-spawn/download/cross-spawn-3.0.1.tgz"
      }
    },
    "cross-spawn": {
      "version": "http://r.cnpmjs.org/cross-spawn/download/cross-spawn-3.0.1.tgz",
      "integrity": "sha1-ElYDfsufDF9549bvE14wdwGEuYI=",
      "dev": true,
      "requires": {
        "lru-cache": "http://r.cnpmjs.org/lru-cache/download/lru-cache-4.0.2.tgz",
        "which": "http://r.cnpmjs.org/which/download/which-1.2.12.tgz"
      }
    },
    "crypt": {
      "version": "http://r.cnpmjs.org/crypt/download/crypt-0.0.2.tgz",
      "integrity": "sha1-iNf/fsDfuG9xPch7u0LQRNPmxBs=",
      "dev": true
    },
    "date-format": {
      "version": "http://r.cnpmjs.org/date-format/download/date-format-0.0.0.tgz",
      "integrity": "sha1-CSBoY6sHDrRZrOpVQsvYVrEZZrM=",
      "dev": true
    },
    "debug": {
      "version": "http://r.cnpmjs.org/debug/download/debug-2.2.0.tgz",
      "integrity": "sha1-+HBX6ZWxofauaklgZkE3vFbwOdo=",
      "dev": true,
      "requires": {
        "ms": "http://r.cnpmjs.org/ms/download/ms-0.7.1.tgz"
      }
    },
    "delayed-stream": {
      "version": "http://r.cnpmjs.org/delayed-stream/download/delayed-stream-1.0.0.tgz",
      "integrity": "sha1-3zrhmayt+31ECqrgsp4icrJOxhk=",
      "dev": true
    },
    "depd": {
      "version": "http://r.cnpmjs.org/depd/download/depd-1.1.0.tgz",
      "integrity": "sha1-4b2Cxqq2ztlluXuIsX7T5SjKGMM=",
      "dev": true
    },
    "destroy": {
      "version": "http://r.cnpmjs.org/destroy/download/destroy-1.0.4.tgz",
      "integrity": "sha1-l4hXRCxEdJ5CBmE+N5RiBYJqvYA=",
      "dev": true
    },
    "dottie": {
      "version": "http://r.cnpmjs.org/dottie/download/dottie-1.1.1.tgz",
      "integrity": "sha1-RcKj9IvWUo7u0memmoSOqspvqmo=",
      "dev": true
    },
    "ee-first": {
      "version": "http://r.cnpmjs.org/ee-first/download/ee-first-1.1.1.tgz",
      "integrity": "sha1-WQxhFWsK4vTwJVcyoViyZrxWsh0="
    },
    "encodeurl": {
      "version": "http://r.cnpmjs.org/encodeurl/download/encodeurl-1.0.1.tgz",
      "integrity": "sha1-eePVhlU0aQn+bw9Fpd5oEDspTSA=",
      "dev": true
    },
    "escape-html": {
      "version": "http://r.cnpmjs.org/escape-html/download/escape-html-1.0.3.tgz",
      "integrity": "sha1-Aljq5NPQwJdN4cFpGI7wBR0dGYg=",
      "dev": true
    },
    "etag": {
      "version": "http://r.cnpmjs.org/etag/download/etag-1.7.0.tgz",
      "integrity": "sha1-A9MLX2fdbmMtKUXTDWZScxo01dg=",
      "dev": true
    },
    "express": {
      "version": "http://r.cnpmjs.org/express/download/express-4.14.1.tgz",
      "integrity": "sha1-ZGwjf3ZvFIwhIK/wc4F7nk1+DTM=",
      "dev": true,
      "requires": {
        "accepts": "http://r.cnpmjs.org/accepts/download/accepts-1.3.3.tgz",
        "array-flatten": "http://r.cnpmjs.org/array-flatten/download/array-flatten-1.1.1.tgz",
        "content-disposition": "http://r.cnpmjs.org/content-disposition/download/content-disposition-0.5.2.tgz",
        "content-type": "http://r.cnpmjs.org/content-type/download/content-type-1.0.2.tgz",
        "cookie": "http://r.cnpmjs.org/cookie/download/cookie-0.3.1.tgz",
        "cookie-signature": "http://r.cnpmjs.org/cookie-signature/download/cookie-signature-1.0.6.tgz",
        "debug": "http://r.cnpmjs.org/debug/download/debug-2.2.0.tgz",
        "depd": "http://r.cnpmjs.org/depd/download/depd-1.1.0.tgz",
        "encodeurl": "http://r.cnpmjs.org/encodeurl/download/encodeurl-1.0.1.tgz",
        "escape-html": "http://r.cnpmjs.org/escape-html/download/escape-html-1.0.3.tgz",
        "etag": "http://r.cnpmjs.org/etag/download/etag-1.7.0.tgz",
        "finalhandler": "http://r.cnpmjs.org/finalhandler/download/finalhandler-0.5.1.tgz",
        "fresh": "http://r.cnpmjs.org/fresh/download/fresh-0.3.0.tgz",
        "merge-descriptors": "http://r.cnpmjs.org/merge-descriptors/download/merge-descriptors-1.0.1.tgz",
        "methods": "http://r.cnpmjs.org/methods/download/methods-1.1.2.tgz",
        "on-finished": "http://r.cnpmjs.org/on-finished/download/on-finished-2.3.0.tgz",
        "parseurl": "http://r.cnpmjs.org/parseurl/download/parseurl-1.3.1.tgz",
        "path-to-regexp": "http://r.cnpmjs.org/path-to-regexp/download/path-to-regexp-0.1.7.tgz",
        "proxy-addr": "http://r.cnpmjs.org/proxy-addr/download/proxy-addr-1.1.3.tgz",
        "qs": "http://r.cnpmjs.org/qs/download/qs-6.2.0.tgz",
        "range-parser": "http://r.cnpmjs.org/range-parser/download/range-parser-1.2.0.tgz",
        "send": "http://r.cnpmjs.org/send/download/send-0.14.2.tgz",
        "serve-static": "http://r.cnpmjs.org/serve-static/download/serve-static-1.11.2.tgz",
        "type-is": "http://r.cnpmjs.org/type-is/download/type-is-1.6.14.tgz",
        "utils-merge": "http://r.cnpmjs.org/utils-merge/download/utils-merge-1.0.0.tgz",
        "vary": "http://r.cnpmjs.org/vary/download/vary-1.1.0.tgz"
      }
    },
    "extend": {
      "version": "http://r.cnpmjs.org/extend/download/extend-3.0.0.tgz",
      "integrity": "sha1-WkdDU7nzNT3dgXbf03uRyDpG8dQ=",
      "dev": true
    },
    "finalhandler": {
      "version": "http://r.cnpmjs.org/finalhandler/download/finalhandler-0.5.1.tgz",
      "integrity": "sha1-LEANjUUwk1vCMlScX6OF7Afeb80=",
      "dev": true,
      "requires": {
        "debug": "http://r.cnpmjs.org/debug/download/debug-2.2.0.tgz",
        "escape-html": "http://r.cnpmjs.org/escape-html/download/escape-html-1.0.3.tgz",
        "on-finished": "http://r.cnpmjs.org/on-finished/download/on-finished-2.3.0.tgz",
        "statuses": "http://r.cnpmjs.org/statuses/download/statuses-1.3.1.tgz",
        "unpipe": "http://r.cnpmjs.org/unpipe/download/unpipe-1.0.0.tgz"
      }
    },
    "form-data": {
      "version": "http://r.cnpmjs.org/form-data/download/form-data-2.1.2.tgz",
      "integrity": "sha1-icNTQAi5fq2ky7FX1Y9vXfAl6uQ=",
      "dev": true,
      "requires": {
        "asynckit": "http://r.cnpmjs.org/asynckit/download/asynckit-0.4.0.tgz",
        "combined-stream": "http://r.cnpmjs.org/combined-stream/download/combined-stream-1.0.5.tgz",
        "mime-types": "http://r.cnpmjs.org/mime-types/download/mime-types-2.1.14.tgz"
      }
    },
    "formidable": {
      "version": "http://r.cnpmjs.org/formidable/download/formidable-1.1.1.tgz",
      "integrity": "sha1-lriIb3w8NQi5Mta9cMTTqI818ak=",
      "dev": true
    },
    "forwarded": {
      "version": "http://r.cnpmjs.org/forwarded/download/forwarded-0.1.0.tgz",
      "integrity": "sha1-Ge+YdMSuHCl7zweP3mOgm2aoQ2M=",
      "dev": true
    },
    "fresh": {
      "version": "http://r.cnpmjs.org/fresh/download/fresh-0.3.0.tgz",
      "integrity": "sha1-ZR+DjiJCTnVm3hYdg1jKoZn4PU8=",
      "dev": true
    },
    "generic-pool": {
      "version": "http://r.cnpmjs.org/generic-pool/download/generic-pool-2.4.2.tgz",
      "integrity": "sha1-iGvFvwvrfblugby7oHiBjeWmJoM=",
      "dev": true
    },
    "http": {
      "version": "http://r.cnpmjs.org/http/download/http-0.0.0.tgz",
      "integrity": "sha1-huYybSnF0Dnen6xYSkVon5KfT3I=",
      "dev": true
    },
    "http-errors": {
      "version": "http://r.cnpmjs.org/http-errors/download/http-errors-1.5.1.tgz",
      "integrity": "sha1-eIwNLB3iyBuebowBhDtrl+uSB1A=",
      "dev": true,
      "requires": {
        "inherits": "http://r.cnpmjs.org/inherits/download/inherits-2.0.3.tgz",
        "setprototypeof": "http://r.cnpmjs.org/setprototypeof/download/setprototypeof-1.0.2.tgz",
        "statuses": "http://r.cnpmjs.org/statuses/download/statuses-1.3.1.tgz"
      }
    },
    "iconv-lite": {
      "version": "0.4.19",
      "resolved": "https://registry.npmjs.org/iconv-lite/-/iconv-lite-0.4.19.tgz",
      "integrity": "sha512-oTZqweIP51xaGPI4uPa56/Pri/480R+mo7SeU+YETByQNhDG55ycFyNLIgta9vXhILrxXDmF7ZGhqZIcuN0gJQ=="
    },
    "inflection": {
      "version": "http://r.cnpmjs.org/inflection/download/inflection-1.12.0.tgz",
      "integrity": "sha1-ogCTVlbW9fa8TcdQLhrstwMihBY=",
      "dev": true
    },
    "inherits": {
      "version": "http://r.cnpmjs.org/inherits/download/inherits-2.0.3.tgz",
      "integrity": "sha1-Yzwsg+PaQqUC9SRmAiSA9CCCYd4="
    },
    "ipaddr.js": {
      "version": "http://r.cnpmjs.org/ipaddr.js/download/ipaddr.js-1.2.0.tgz",
      "integrity": "sha1-irpJyRknmVhb3WQ+DMtQ6K53e6Q=",
      "dev": true
    },
    "is-buffer": {
      "version": "http://r.cnpmjs.org/is-buffer/download/is-buffer-1.1.4.tgz",
      "integrity": "sha1-z8hszV3FpS+oBIkRHGkgxFfi2Ys=",
      "dev": true
    },
    "isarray": {
      "version": "http://r.cnpmjs.org/isarray/download/isarray-1.0.0.tgz",
      "integrity": "sha1-u5NdSFgsuhaMBoNJV6VKPgcSTxE=",
      "dev": true
    },
    "isexe": {
      "version": "http://r.cnpmjs.org/isexe/download/isexe-1.1.2.tgz",
      "integrity": "sha1-NvPiLmB1CSD15yQaR2qMakInWtA=",
      "dev": true
    },
    "lodash": {
      "version": "http://r.cnpmjs.org/lodash/download/lodash-4.17.4.tgz",
      "integrity": "sha1-eCA6TRwyiuHYbcpkYONptX9AVa4=",
      "dev": true
    },
    "log4js": {
      "version": "http://r.cnpmjs.org/log4js/download/log4js-1.1.0.tgz",
      "integrity": "sha1-x9K2Ftkbv0fMZft51v4EWByAlvo=",
      "dev": true,
      "requires": {
        "debug": "http://r.cnpmjs.org/debug/download/debug-2.2.0.tgz",
        "semver": "http://r.cnpmjs.org/semver/download/semver-5.3.0.tgz",
        "streamroller": "http://r.cnpmjs.org/streamroller/download/streamroller-0.2.2.tgz"
      }
    },
    "lru-cache": {
      "version": "http://r.cnpmjs.org/lru-cache/download/lru-cache-4.0.2.tgz",
      "integrity": "sha1-HRdnnAac2l0ECZGgnbwsDbN35V4=",
      "dev": true,
      "requires": {
        "pseudomap": "http://r.cnpmjs.org/pseudomap/download/pseudomap-1.0.2.tgz",
        "yallist": "http://r.cnpmjs.org/yallist/download/yallist-2.0.0.tgz"
      }
    },
    "md5": {
      "version": "http://r.cnpmjs.org/md5/download/md5-2.2.1.tgz",
      "integrity": "sha1-U6s41f48iJG6RlMp6iP6wFQBJvk=",
      "dev": true,
      "requires": {
        "charenc": "http://r.cnpmjs.org/charenc/download/charenc-0.0.2.tgz",
        "crypt": "http://r.cnpmjs.org/crypt/download/crypt-0.0.2.tgz",
        "is-buffer": "http://r.cnpmjs.org/is-buffer/download/is-buffer-1.1.4.tgz"
      }
    },
    "media-typer": {
      "version": "http://r.cnpmjs.org/media-typer/download/media-typer-0.3.0.tgz",
      "integrity": "sha1-hxDXrwqmJvj/+hzgAWhUUmMlV0g="
    },
    "merge-descriptors": {
      "version": "http://r.cnpmjs.org/merge-descriptors/download/merge-descriptors-1.0.1.tgz",
      "integrity": "sha1-sAqqVW3YtEVoFQ7J0blT8/kMu2E=",
      "dev": true
    },
    "methods": {
      "version": "http://r.cnpmjs.org/methods/download/methods-1.1.2.tgz",
      "integrity": "sha1-VSmk1nZUE07cxSZmVoNbD4Ua/O4=",
      "dev": true
    },
    "mime": {
      "version": "http://r.cnpmjs.org/mime/download/mime-1.3.4.tgz",
      "integrity": "sha1-EV+eO2s9rylZmDyzjxSaLUDrXVM=",
      "dev": true
    },
    "mime-db": {
      "version": "http://r.cnpmjs.org/mime-db/download/mime-db-1.26.0.tgz",
      "integrity": "sha1-6v/NDk/Gk1z4E02iRuLmw1MFrf8=",
      "dev": true
    },
    "mime-types": {
      "version": "http://r.cnpmjs.org/mime-types/download/mime-types-2.1.14.tgz",
      "integrity": "sha1-9+99l1g/yvO30oK2+LVnnaselO4=",
      "dev": true,
      "requires": {
        "mime-db": "http://r.cnpmjs.org/mime-db/download/mime-db-1.26.0.tgz"
      }
    },
    "moment": {
      "version": "http://r.cnpmjs.org/moment/download/moment-2.17.1.tgz",
      "integrity": "sha1-/tlQYGPzaxDwZsi1mhRNf66+HYI=",
      "dev": true
    },
    "moment-timezone": {
      "version": "http://r.cnpmjs.org/moment-timezone/download/moment-timezone-0.5.11.tgz",
      "integrity": "sha1-m3bAPY71FMfkJJp7vOZJ7tOe8p8=",
      "dev": true,
      "requires": {
        "moment": "http://r.cnpmjs.org/moment/download/moment-2.17.1.tgz"
      }
    },
    "ms": {
      "version": "http://r.cnpmjs.org/ms/download/ms-0.7.1.tgz",
      "integrity": "sha1-nNE8A62/8ltl7/3nzoZO6VIBcJg=",
      "dev": true
    },
    "mysql": {
      "version": "http://r.cnpmjs.org/mysql/download/mysql-2.13.0.tgz",
      "integrity": "sha1-mY8fjKRuLj3XFJzpgkE2U5hqrkc=",
      "dev": true,
      "requires": {
        "bignumber.js": "http://r.cnpmjs.org/bignumber.js/download/bignumber.js-3.1.2.tgz",
        "readable-stream": "http://r.cnpmjs.org/readable-stream/download/readable-stream-1.1.14.tgz",
        "sqlstring": "http://r.cnpmjs.org/sqlstring/download/sqlstring-2.2.0.tgz"
      },
      "dependencies": {
        "isarray": {
          "version": "http://r.cnpmjs.org/isarray/download/isarray-0.0.1.tgz",
          "integrity": "sha1-ihis/Kmo9Bd+Cav8YDiTmwXR7t8=",
          "dev": true
        },
        "readable-stream": {
          "version": "http://r.cnpmjs.org/readable-stream/download/readable-stream-1.1.14.tgz",
          "integrity": "sha1-fPTFTvZI44EwhMY23SB54WbAgdk=",
          "dev": true,
          "requires": {
            "core-util-is": "http://r.cnpmjs.org/core-util-is/download/core-util-is-1.0.2.tgz",
            "inherits": "http://r.cnpmjs.org/inherits/download/inherits-2.0.3.tgz",
            "isarray": "http://r.cnpmjs.org/isarray/download/isarray-0.0.1.tgz",
            "string_decoder": "http://r.cnpmjs.org/string_decoder/download/string_decoder-0.10.31.tgz"
          }
        }
      }
    },
    "negotiator": {
      "version": "http://r.cnpmjs.org/negotiator/download/negotiator-0.6.1.tgz",
      "integrity": "sha1-KzJxhOiZIQEXeyhWP7XnECrNDKk=",
      "dev": true
    },
    "on-finished": {
      "version": "http://r.cnpmjs.org/on-finished/download/on-finished-2.3.0.tgz",
      "integrity": "sha1-IPEzZIGwg811M3mSoWlxqi2QaUc=",
      "requires": {
        "ee-first": "http://r.cnpmjs.org/ee-first/download/ee-first-1.1.1.tgz"
      }
    },
    "parseurl": {
      "version": "http://r.cnpmjs.org/parseurl/download/parseurl-1.3.1.tgz",
      "integrity": "sha1-yKuMkiO6NIiKpkopeyiFO+wY2lY=",
      "dev": true
    },
    "path": {
      "version": "http://r.cnpmjs.org/path/download/path-0.12.7.tgz",
      "integrity": "sha1-1NwqUGxM4hl+tIHr/NWzbAFAsQ8=",
      "dev": true,
      "requires": {
        "process": "http://r.cnpmjs.org/process/download/process-0.11.9.tgz",
        "util": "http://r.cnpmjs.org/util/download/util-0.10.3.tgz"
      }
    },
    "path-to-regexp": {
      "version": "http://r.cnpmjs.org/path-to-regexp/download/path-to-regexp-0.1.7.tgz",
      "integrity": "sha1-32BBeABfUi8V60SQ5yR6G/qmf4w=",
      "dev": true
    },
    "process": {
      "version": "http://r.cnpmjs.org/process/download/process-0.11.9.tgz",
      "integrity": "sha1-e9WtIapiU+fahoImTx4R0RwDGME=",
      "dev": true
    },
    "process-nextick-args": {
      "version": "http://r.cnpmjs.org/process-nextick-args/download/process-nextick-args-1.0.7.tgz",
      "integrity": "sha1-FQ4gt1ZZCtP5EJPyWk8q2L/zC6M=",
      "dev": true
    },
    "proxy-addr": {
      "version": "http://r.cnpmjs.org/proxy-addr/download/proxy-addr-1.1.3.tgz",
      "integrity": "sha1-3JdQL1ci6IhGez+iKXp7H/R98HQ=",
      "dev": true,
      "requires": {
        "forwarded": "http://r.cnpmjs.org/forwarded/download/forwarded-0.1.0.tgz",
        "ipaddr.js": "http://r.cnpmjs.org/ipaddr.js/download/ipaddr.js-1.2.0.tgz"
      }
    },
    "pseudomap": {
      "version": "http://r.cnpmjs.org/pseudomap/download/pseudomap-1.0.2.tgz",
      "integrity": "sha1-8FKijacOYYkX7wqKw0wa5aaChrM=",
      "dev": true
    },
    "qs": {
      "version": "http://r.cnpmjs.org/qs/download/qs-6.2.0.tgz",
      "integrity": "sha1-O3hIwDwt7OaalSKw+ujEEm10Xzs=",
      "dev": true
    },
    "range-parser": {
      "version": "http://r.cnpmjs.org/range-parser/download/range-parser-1.2.0.tgz",
      "integrity": "sha1-9JvmtIeJTdxA3MlKMi9hEJLgDV4=",
      "dev": true
    },
    "raw-body": {
      "version": "2.3.2",
      "resolved": "https://registry.npmjs.org/raw-body/-/raw-body-2.3.2.tgz",
      "integrity": "sha1-vNYMd9Prk83gBQKVw/N5OJvIj4k=",
      "requires": {
        "bytes": "3.0.0",
        "http-errors": "1.6.2",
        "iconv-lite": "0.4.19",
        "unpipe": "http://r.cnpmjs.org/unpipe/download/unpipe-1.0.0.tgz"
      },
      "dependencies": {
        "depd": {
          "version": "1.1.1",
          "resolved": "https://registry.npmjs.org/depd/-/depd-1.1.1.tgz",
          "integrity": "sha1-V4O04cRZ8G+lyif5kfPQbnoxA1k="
        },
        "http-errors": {
          "version": "1.6.2",
          "resolved": "https://registry.npmjs.org/http-errors/-/http-errors-1.6.2.tgz",
          "integrity": "sha1-CgAsyFcHGSp+eUbO7cERVfYOxzY=",
          "requires": {
            "depd": "1.1.1",
            "inherits": "http://r.cnpmjs.org/inherits/download/inherits-2.0.3.tgz",
            "setprototypeof": "1.0.3",
            "statuses": "http://r.cnpmjs.org/statuses/download/statuses-1.3.1.tgz"
          }
        },
        "setprototypeof": {
          "version": "1.0.3",
          "resolved": "https://registry.npmjs.org/setprototypeof/-/setprototypeof-1.0.3.tgz",
          "integrity": "sha1-ZlZ+NwQ+608E2RvWWMDL77VbjgQ="
        }
      }
    },
    "readable-stream": {
      "version": "http://r.cnpmjs.org/readable-stream/download/readable-stream-2.2.2.tgz",
      "integrity": "sha1-qeb+w8fdqF+LsbO6cChgRVb8gl4=",
      "dev": true,
      "requires": {
        "buffer-shims": "http://r.cnpmjs.org/buffer-shims/download/buffer-shims-1.0.0.tgz",
        "core-util-is": "http://r.cnpmjs.org/core-util-is/download/core-util-is-1.0.2.tgz",
        "inherits": "http://r.cnpmjs.org/inherits/download/inherits-2.0.3.tgz",
        "isarray": "http://r.cnpmjs.org/isarray/download/isarray-1.0.0.tgz",
        "process-nextick-args": "http://r.cnpmjs.org/process-nextick-args/download/process-nextick-args-1.0.7.tgz",
        "string_decoder": "http://r.cnpmjs.org/string_decoder/download/string_decoder-0.10.31.tgz",
        "util-deprecate": "http://r.cnpmjs.org/util-deprecate/download/util-deprecate-1.0.2.tgz"
      }
    },
    "retry-as-promised": {
      "version": "http://r.cnpmjs.org/retry-as-promised/download/retry-as-promised-2.2.0.tgz",
      "integrity": "sha1-sEY9f9PPWy/tZFAKtui4pJxbjmw=",
      "dev": true,
      "requires": {
        "bluebird": "http://r.cnpmjs.org/bluebird/download/bluebird-3.4.7.tgz",
        "cross-env": "http://r.cnpmjs.org/cross-env/download/cross-env-3.1.4.tgz",
        "debug": "http://r.cnpmjs.org/debug/download/debug-2.2.0.tgz"
      }
    },
    "rx": {
      "version": "http://r.cnpmjs.org/rx/download/rx-4.1.0.tgz",
      "integrity": "sha1-pfE/957zt0D+MKqAP7CfmIBdR4I=",
      "dev": true
    },
    "rx-node": {
      "version": "http://r.cnpmjs.org/rx-node/download/rx-node-1.0.2.tgz",
      "integrity": "sha1-FRJAclp56Fc2CrBsxiZ5mWXglN4=",
      "dev": true,
      "requires": {
        "rx": "http://r.cnpmjs.org/rx/download/rx-4.1.0.tgz"
      }
    },
    "semver": {
      "version": "http://r.cnpmjs.org/semver/download/semver-5.3.0.tgz",
      "integrity": "sha1-myzl094C0XxgEq0yaqa00M9U+U8=",
      "dev": true
    },
    "send": {
      "version": "http://r.cnpmjs.org/send/download/send-0.14.2.tgz",
      "integrity": "sha1-ObBDiz9RC+Xcb2Z6EfcWiTaM3u8=",
      "dev": true,
      "requires": {
        "debug": "http://r.cnpmjs.org/debug/download/debug-2.2.0.tgz",
        "depd": "http://r.cnpmjs.org/depd/download/depd-1.1.0.tgz",
        "destroy": "http://r.cnpmjs.org/destroy/download/destroy-1.0.4.tgz",
        "encodeurl": "http://r.cnpmjs.org/encodeurl/download/encodeurl-1.0.1.tgz",
        "escape-html": "http://r.cnpmjs.org/escape-html/download/escape-html-1.0.3.tgz",
        "etag": "http://r.cnpmjs.org/etag/download/etag-1.7.0.tgz",
        "fresh": "http://r.cnpmjs.org/fresh/download/fresh-0.3.0.tgz",
        "http-errors": "http://r.cnpmjs.org/http-errors/download/http-errors-1.5.1.tgz",
        "mime": "http://r.cnpmjs.org/mime/download/mime-1.3.4.tgz",
        "ms": "http://r.cnpmjs.org/ms/download/ms-0.7.2.tgz",
        "on-finished": "http://r.cnpmjs.org/on-finished/download/on-finished-2.3.0.tgz",
        "range-parser": "http://r.cnpmjs.org/range-parser/download/range-parser-1.2.0.tgz",
        "statuses": "http://r.cnpmjs.org/statuses/download/statuses-1.3.1.tgz"
      },
      "dependencies": {
        "ms": {
          "version": "http://r.cnpmjs.org/ms/download/ms-0.7.2.tgz",
          "integrity": "sha1-riXPJRKziFodldfwN4aNhDESR2U=",
          "dev": true
        }
      }
    },
    "sequelize": {
      "version": "http://r.cnpmjs.org/sequelize/download/sequelize-3.30.2.tgz",
      "integrity": "sha1-j7WldpoBd3RRWTkkCS+dMGHrk18=",
      "dev": true,
      "requires": {
        "bluebird": "http://r.cnpmjs.org/bluebird/download/bluebird-3.4.7.tgz",
        "depd": "http://r.cnpmjs.org/depd/download/depd-1.1.0.tgz",
        "dottie": "http://r.cnpmjs.org/dottie/download/dottie-1.1.1.tgz",
        "generic-pool": "http://r.cnpmjs.org/generic-pool/download/generic-pool-2.4.2.tgz",
        "inflection": "http://r.cnpmjs.org/inflection/download/inflection-1.12.0.tgz",
        "lodash": "http://r.cnpmjs.org/lodash/download/lodash-4.12.0.tgz",
        "moment": "http://r.cnpmjs.org/moment/download/moment-2.17.1.tgz",
        "moment-timezone": "http://r.cnpmjs.org/moment-timezone/download/moment-timezone-0.5.11.tgz",
        "retry-as-promised": "http://r.cnpmjs.org/retry-as-promised/download/retry-as-promised-2.2.0.tgz",
        "semver": "http://r.cnpmjs.org/semver/download/semver-5.3.0.tgz",
        "shimmer": "http://r.cnpmjs.org/shimmer/download/shimmer-1.1.0.tgz",
        "terraformer-wkt-parser": "http://r.cnpmjs.org/terraformer-wkt-parser/download/terraformer-wkt-parser-1.1.2.tgz",
        "toposort-class": "http://r.cnpmjs.org/toposort-class/download/toposort-class-1.0.1.tgz",
        "uuid": "http://r.cnpmjs.org/uuid/download/uuid-3.0.1.tgz",
        "validator": "http://r.cnpmjs.org/validator/download/validator-5.7.0.tgz",
        "wkx": "http://r.cnpmjs.org/wkx/download/wkx-0.2.0.tgz"
      },
      "dependencies": {
        "lodash": {
          "version": "http://r.cnpmjs.org/lodash/download/lodash-4.12.0.tgz",
          "integrity": "sha1-K9bcRqBA9Z5obJcu0h2T3FkFMlg=",
          "dev": true
        }
      }
    },
    "serve-static": {
      "version": "http://r.cnpmjs.org/serve-static/download/serve-static-1.11.2.tgz",
      "integrity": "sha1-LPmIm9RDWjIMw2iVyapXvWYuasc=",
      "dev": true,
      "requires": {
        "encodeurl": "http://r.cnpmjs.org/encodeurl/download/encodeurl-1.0.1.tgz",
        "escape-html": "http://r.cnpmjs.org/escape-html/download/escape-html-1.0.3.tgz",
        "parseurl": "http://r.cnpmjs.org/parseurl/download/parseurl-1.3.1.tgz",
        "send": "http://r.cnpmjs.org/send/download/send-0.14.2.tgz"
      }
    },
    "setprototypeof": {
      "version": "http://r.cnpmjs.org/setprototypeof/download/setprototypeof-1.0.2.tgz",
      "integrity": "sha1-gaVSFB7BBLiOic44MQOtXGZWTQg=",
      "dev": true
    },
    "shimmer": {
      "version": "http://r.cnpmjs.org/shimmer/download/shimmer-1.1.0.tgz",
      "integrity": "sha1-l9c3cTf/u6tCVSLkKf4KqJpIizU=",
      "dev": true
    },
    "sqlstring": {
      "version": "http://r.cnpmjs.org/sqlstring/download/sqlstring-2.2.0.tgz",
      "integrity": "sha1-wxNcTqirzX5+50GklmqJHYak8ZE=",
      "dev": true
    },
    "statuses": {
      "version": "http://r.cnpmjs.org/statuses/download/statuses-1.3.1.tgz",
      "integrity": "sha1-+vUbnrdKrvOzrPStX2Gr8ky3uT4="
    },
    "streamroller": {
      "version": "http://r.cnpmjs.org/streamroller/download/streamroller-0.2.2.tgz",
      "integrity": "sha1-oTQg4EFp5XPbBo9ZIO4j2IGr/jM=",
      "dev": true,
      "requires": {
        "date-format": "http://r.cnpmjs.org/date-format/download/date-format-0.0.0.tgz",
        "debug": "http://r.cnpmjs.org/debug/download/debug-0.7.4.tgz",
        "readable-stream": "http://r.cnpmjs.org/readable-stream/download/readable-stream-1.1.14.tgz"
      },
      "dependencies": {
        "debug": {
          "version": "http://r.cnpmjs.org/debug/download/debug-0.7.4.tgz",
          "integrity": "sha1-BuHqgILCyxTjmAbiLi9vdX+Srzk=",
          "dev": true
        },
        "isarray": {
          "version": "http://r.cnpmjs.org/isarray/download/isarray-0.0.1.tgz",
          "integrity": "sha1-ihis/Kmo9Bd+Cav8YDiTmwXR7t8=",
          "dev": true
        },
        "readable-stream": {
          "version": "http://r.cnpmjs.org/readable-stream/download/readable-stream-1.1.14.tgz",
          "integrity": "sha1-fPTFTvZI44EwhMY23SB54WbAgdk=",
          "dev": true,
          "requires": {
            "core-util-is": "http://r.cnpmjs.org/core-util-is/download/core-util-is-1.0.2.tgz",
            "inherits": "http://r.cnpmjs.org/inherits/download/inherits-2.0.3.tgz",
            "isarray": "http://r.cnpmjs.org/isarray/download/isarray-0.0.1.tgz",
            "string_decoder": "http://r.cnpmjs.org/string_decoder/download/string_decoder-0.10.31.tgz"
          }
        }
      }
    },
    "string_decoder": {
      "version": "http://r.cnpmjs.org/string_decoder/download/string_decoder-0.10.31.tgz",
      "integrity": "sha1-YuIDvEF2bGwoyfyEMB2rHFMQ+pQ=",
      "dev": true
    },
    "superagent": {
      "version": "http://r.cnpmjs.org/superagent/download/superagent-3.4.4.tgz",
      "integrity": "sha1-hdHZqPQ57Q+1wArM9OApQXoRcZU=",
      "dev": true,
      "requires": {
        "component-emitter": "http://r.cnpmjs.org/component-emitter/download/component-emitter-1.2.1.tgz",
        "cookiejar": "http://r.cnpmjs.org/cookiejar/download/cookiejar-2.1.0.tgz",
        "debug": "http://r.cnpmjs.org/debug/download/debug-2.2.0.tgz",
        "extend": "http://r.cnpmjs.org/extend/download/extend-3.0.0.tgz",
        "form-data": "http://r.cnpmjs.org/form-data/download/form-data-2.1.2.tgz",
        "formidable": "http://r.cnpmjs.org/formidable/download/formidable-1.1.1.tgz",
        "methods": "http://r.cnpmjs.org/methods/download/methods-1.1.2.tgz",
        "mime": "http://r.cnpmjs.org/mime/download/mime-1.3.4.tgz",
        "qs": "http://r.cnpmjs.org/qs/download/qs-6.2.0.tgz",
        "readable-stream": "http://r.cnpmjs.org/readable-stream/download/readable-stream-2.2.2.tgz"
      }
    },
    "terraformer": {
      "version": "http://r.cnpmjs.org/terraformer/download/terraformer-1.0.7.tgz",
      "integrity": "sha1-2KGaVvvyWWbqBi0h9RW5NYlwLWk=",
      "dev": true
    },
    "terraformer-wkt-parser": {
      "version": "http://r.cnpmjs.org/terraformer-wkt-parser/download/terraformer-wkt-parser-1.1.2.tgz",
      "integrity": "sha1-M2oMj8gglKWv+DKI9prt7NNpvww=",
      "dev": true,
      "requires": {
        "terraformer": "http://r.cnpmjs.org/terraformer/download/terraformer-1.0.7.tgz"
      }
    },
    "toposort-class": {
      "version": "http://r.cnpmjs.org/toposort-class/download/toposort-class-1.0.1.tgz",
      "integrity": "sha1-f/0feMi+KMO6Rc1OGj9e4ZO9mYg=",
      "dev": true
    },
    "type-is": {
      "version": "http://r.cnpmjs.org/type-is/download/type-is-1.6.14.tgz",
      "integrity": "sha1-4hljnBfe0coHiQkt1UoDgmuBfLI=",
      "dev": true,
      "requires": {
        "media-typer": "http://r.cnpmjs.org/media-typer/download/media-typer-0.3.0.tgz",
        "mime-types": "http://r.cnpmjs.org/mime-types/download/mime-types-2.1.14.tgz"
      }
    },
    "unpipe": {
      "version": "http://r.cnpmjs.org/unpipe/download/unpipe-1.0.0.tgz",
      "integrity": "sha1-sr9O6FFKrmFltIF4KdIbLvSZBOw="
    },
    "util": {
      "version": "http://r.cnpmjs.org/util/download/util-0.10.3.tgz",
      "integrity": "sha1-evsa/lCAUkZInj23/g7TeTNqwPk=",
      "dev": true,
      "requires": {
        "inherits": "http://r.cnpmjs.org/inherits/download/inherits-2.0.1.tgz"
      },
      "dependencies": {
        "inherits": {
          "version": "http://r.cnpmjs.org/inherits/download/inherits-2.0.1.tgz",
          "integrity": "sha1-sX0I0ya0Qj5Wjv9xn5GwscvfafE=",
          "dev": true
        }
      }
    },
    "util-deprecate": {
      "version": "http://r.cnpmjs.org/util-deprecate/download/util-deprecate-1.0.2.tgz",
      "integrity": "sha1-RQ1Nyfpw3nMnYvvS1KKJgUGaDM8=",
      "dev": true
    },
    "utils-merge": {
      "version": "http://r.cnpmjs.org/utils-merge/download/utils-merge-1.0.0.tgz",
      "integrity": "sha1-ApT7kiu5N1FTVBxPcJYjHyh8ivg=",
      "dev": true
    },
    "uuid": {
      "version": "http://r.cnpmjs.org/uuid/download/uuid-3.0.1.tgz",
      "integrity": "sha1-ZUS7ot/ajBzxfmKaOjBeK7H+5sE=",
      "dev": true
    },
    "validator": {
      "version": "http://r.cnpmjs.org/validator/download/validator-5.7.0.tgz",
      "integrity": "sha1-eoelgUa2laxIYHEUHAxJ1n2gXlw=",
      "dev": true
    },
    "vary": {
      "version": "http://r.cnpmjs.org/vary/download/vary-1.1.0.tgz",
      "integrity": "sha1-4eWv+70WrnaN0mdDlLmtMCJlMUA=",
      "dev": true
    },
    "which": {
      "version": "http://r.cnpmjs.org/which/download/which-1.2.12.tgz",
      "integrity": "sha1-3me15FAmnxlJCe8j7OTr5Bb6EZI=",
      "dev": true,
      "requires": {
        "isexe": "http://r.cnpmjs.org/isexe/download/isexe-1.1.2.tgz"
      }
    },
    "wkx": {
      "version": "http://r.cnpmjs.org/wkx/download/wkx-0.2.0.tgz",
      "integrity": "sha1-dsJPFqzQzY+TzTSqMx4PeWElboQ=",
      "dev": true
    },
    "yallist": {
      "version": "http://r.cnpmjs.org/yallist/download/yallist-2.0.0.tgz",
      "integrity": "sha1-MGxUODXwnuGkyyO3vOmrNByRzdQ=",
      "dev": true
    }
  }
}
